
Microsoft Visual Studio Solution File, Format Version 12.00
# Visual Studio Version 17
VisualStudioVersion = 17.7.34221.43
MinimumVisualStudioVersion = 10.0.40219.1
Project("{FAE04EC0-301F-11D3-BF4B-00C04F79EFBC}") = "StudentManageSystem", "StudentManageSystem\StudentManageSystem.csproj", "{1DCDED63-F8C1-4E1C-936C-D31FCB763C06}"
EndProject
Global
	GlobalSection(SolutionConfigurationPlatforms) = preSolution
		Debug|Any CPU = Debug|Any CPU
		Release|Any CPU = Release|Any CPU
	EndGlobalSection
	GlobalSection(ProjectConfigurationPlatforms) = postSolution
		{1DCDED63-F8C1-4E1C-936C-D31FCB763C06}.Debug|Any CPU.ActiveCfg = Debug|Any CPU
		{1DCDED63-F8C1-4E1C-936C-D31FCB763C06}.Debug|Any CPU.Build.0 = Debug|Any CPU
		{1DCDED63-F8C1-4E1C-936C-D31FCB763C06}.Release|Any CPU.ActiveCfg = Release|Any CPU
		{1DCDED63-F8C1-4E1C-936C-D31FCB763C06}.Release|Any CPU.Build.0 = Release|Any CPU
	EndGlobalSection
	GlobalSection(SolutionProperties) = preSolution
		HideSolutionNode = FALSE
	EndGlobalSection
	GlobalSection(ExtensibilityGlobals) = postSolution
		SolutionGuid = {A5CF6A54-302B-473B-8774-8A56E60EC9DD}
	EndGlobalSection
EndGlobal
